// !$*UTF8*$!
{
	archiveVersion = 1;
	classes = {
	};
	objectVersion = 46;
	objects = {

/* Begin PBXBuildFile section */
		4D013BE21A3EA61200228BBF /* TimerityData.framework in Frameworks */ = {isa = PBXBuildFile; fileRef = 4D0A165C1A353216001BF0BE /* TimerityData.framework */; };
		4D0A160D1A33E051001BF0BE /* AppDelegate.swift in Sources */ = {isa = PBXBuildFile; fileRef = 4D0A160C1A33E051001BF0BE /* AppDelegate.swift */; };
		4D0A160F1A33E051001BF0BE /* ViewController.swift in Sources */ = {isa = PBXBuildFile; fileRef = 4D0A160E1A33E051001BF0BE /* ViewController.swift */; };
		4D0A16121A33E051001BF0BE /* Main.storyboard in Resources */ = {isa = PBXBuildFile; fileRef = 4D0A16101A33E051001BF0BE /* Main.storyboard */; };
		4D0A16141A33E051001BF0BE /* Images.xcassets in Resources */ = {isa = PBXBuildFile; fileRef = 4D0A16131A33E051001BF0BE /* Images.xcassets */; };
		4D0A16171A33E051001BF0BE /* LaunchScreen.xib in Resources */ = {isa = PBXBuildFile; fileRef = 4D0A16151A33E051001BF0BE /* LaunchScreen.xib */; };
		4D0A16231A33E051001BF0BE /* TimerityTests.swift in Sources */ = {isa = PBXBuildFile; fileRef = 4D0A16221A33E051001BF0BE /* TimerityTests.swift */; };
		4D0A16331A33E06A001BF0BE /* WatchKit.framework in Frameworks */ = {isa = PBXBuildFile; fileRef = 4D0A16321A33E06A001BF0BE /* WatchKit.framework */; };
		4D0A16391A33E06A001BF0BE /* InterfaceController.swift in Sources */ = {isa = PBXBuildFile; fileRef = 4D0A16381A33E06A001BF0BE /* InterfaceController.swift */; };
		4D0A163B1A33E06A001BF0BE /* NotificationController.swift in Sources */ = {isa = PBXBuildFile; fileRef = 4D0A163A1A33E06A001BF0BE /* NotificationController.swift */; };
		4D0A163D1A33E06A001BF0BE /* GlanceController.swift in Sources */ = {isa = PBXBuildFile; fileRef = 4D0A163C1A33E06A001BF0BE /* GlanceController.swift */; };
		4D0A163F1A33E06A001BF0BE /* Images.xcassets in Resources */ = {isa = PBXBuildFile; fileRef = 4D0A163E1A33E06A001BF0BE /* Images.xcassets */; };
		4D0A16431A33E06A001BF0BE /* Timerity Watch App.app in Resources */ = {isa = PBXBuildFile; fileRef = 4D0A16421A33E06A001BF0BE /* Timerity Watch App.app */; };
		4D0A164A1A33E06A001BF0BE /* Interface.storyboard in Resources */ = {isa = PBXBuildFile; fileRef = 4D0A16491A33E06A001BF0BE /* Interface.storyboard */; };
		4D0A164C1A33E06A001BF0BE /* Images.xcassets in Resources */ = {isa = PBXBuildFile; fileRef = 4D0A164B1A33E06A001BF0BE /* Images.xcassets */; };
		4D0A164F1A33E06A001BF0BE /* Timerity WatchKit Extension.appex in Embed App Extensions */ = {isa = PBXBuildFile; fileRef = 4D0A16301A33E06A001BF0BE /* Timerity WatchKit Extension.appex */; settings = {ATTRIBUTES = (RemoveHeadersOnCopy, ); }; };
		4D0A16611A353216001BF0BE /* TimerityData.h in Headers */ = {isa = PBXBuildFile; fileRef = 4D0A16601A353216001BF0BE /* TimerityData.h */; settings = {ATTRIBUTES = (Public, ); }; };
		4D0A16671A353216001BF0BE /* TimerityData.framework in Frameworks */ = {isa = PBXBuildFile; fileRef = 4D0A165C1A353216001BF0BE /* TimerityData.framework */; };
		4D0A166E1A353216001BF0BE /* TimerityDataTests.swift in Sources */ = {isa = PBXBuildFile; fileRef = 4D0A166D1A353216001BF0BE /* TimerityDataTests.swift */; };
		4D0A16761A35328F001BF0BE /* Timer.swift in Sources */ = {isa = PBXBuildFile; fileRef = 4D0A16751A35328F001BF0BE /* Timer.swift */; };
		4D0F81891A54D2E40000CDC2 /* Set.swift in Sources */ = {isa = PBXBuildFile; fileRef = 4D0F81881A54D2E40000CDC2 /* Set.swift */; };
		4D0F818B1A54E73A0000CDC2 /* TimerEditingInterfaceController.swift in Sources */ = {isa = PBXBuildFile; fileRef = 4D0F818A1A54E73A0000CDC2 /* TimerEditingInterfaceController.swift */; };
		4D0F818D1A5633DE0000CDC2 /* TimerData.swift in Sources */ = {isa = PBXBuildFile; fileRef = 4D0F818C1A5633DE0000CDC2 /* TimerData.swift */; };
		4D1D5FDE1A3C08D30060598C /* TimerTableRowController.swift in Sources */ = {isa = PBXBuildFile; fileRef = 4D1D5FDD1A3C08D30060598C /* TimerTableRowController.swift */; };
		4D1D5FE01A3C09070060598C /* ActionTableRowController.swift in Sources */ = {isa = PBXBuildFile; fileRef = 4D1D5FDF1A3C09070060598C /* ActionTableRowController.swift */; };
		4D20F8AE1A4A213E00754D4C /* TimerDatabaseWrapper.swift in Sources */ = {isa = PBXBuildFile; fileRef = 4D20F8AD1A4A213E00754D4C /* TimerDatabaseWrapper.swift */; };
		4D20F8B01A4A554900754D4C /* LabelRowController.swift in Sources */ = {isa = PBXBuildFile; fileRef = 4D20F8AF1A4A554900754D4C /* LabelRowController.swift */; };
		4D2ED75F1A563C3A003F163E /* TimerError.swift in Sources */ = {isa = PBXBuildFile; fileRef = 4D2ED75E1A563C3A003F163E /* TimerError.swift */; };
		4D73888E1A5A0F52004A907B /* TimerJSON.swift in Sources */ = {isa = PBXBuildFile; fileRef = 4D73888D1A5A0F52004A907B /* TimerJSON.swift */; };
		4DB48B951A5216580031DECD /* SingleTimerInterfaceController.swift in Sources */ = {isa = PBXBuildFile; fileRef = 4DB48B941A5216580031DECD /* SingleTimerInterfaceController.swift */; };
		4DB48B971A5232A20031DECD /* SingleTimerController.swift in Sources */ = {isa = PBXBuildFile; fileRef = 4DB48B961A5232A20031DECD /* SingleTimerController.swift */; };
		4DB48B991A5337100031DECD /* TimerCommand.swift in Sources */ = {isa = PBXBuildFile; fileRef = 4DB48B981A5337100031DECD /* TimerCommand.swift */; };
		4DB54EC61A5A01940005186A /* NSTimerExtensions.swift in Sources */ = {isa = PBXBuildFile; fileRef = 4DB54EC51A5A01940005186A /* NSTimerExtensions.swift */; };
/* End PBXBuildFile section */

/* Begin PBXContainerItemProxy section */
		4D013BE31A3EA62000228BBF /* PBXContainerItemProxy */ = {
			isa = PBXContainerItemProxy;
			containerPortal = 4D0A15FF1A33E051001BF0BE /* Project object */;
			proxyType = 1;
			remoteGlobalIDString = 4D0A165B1A353216001BF0BE;
			remoteInfo = TimerityData;
		};
		4D0A161D1A33E051001BF0BE /* PBXContainerItemProxy */ = {
			isa = PBXContainerItemProxy;
			containerPortal = 4D0A15FF1A33E051001BF0BE /* Project object */;
			proxyType = 1;
			remoteGlobalIDString = 4D0A16061A33E051001BF0BE;
			remoteInfo = Timerity;
		};
		4D0A16441A33E06A001BF0BE /* PBXContainerItemProxy */ = {
			isa = PBXContainerItemProxy;
			containerPortal = 4D0A15FF1A33E051001BF0BE /* Project object */;
			proxyType = 1;
			remoteGlobalIDString = 4D0A16411A33E06A001BF0BE;
			remoteInfo = "Timerity Watch App";
		};
		4D0A164D1A33E06A001BF0BE /* PBXContainerItemProxy */ = {
			isa = PBXContainerItemProxy;
			containerPortal = 4D0A15FF1A33E051001BF0BE /* Project object */;
			proxyType = 1;
			remoteGlobalIDString = 4D0A162F1A33E06A001BF0BE;
			remoteInfo = "Timerity WatchKit Extension";
		};
		4D0A16681A353216001BF0BE /* PBXContainerItemProxy */ = {
			isa = PBXContainerItemProxy;
			containerPortal = 4D0A15FF1A33E051001BF0BE /* Project object */;
			proxyType = 1;
			remoteGlobalIDString = 4D0A165B1A353216001BF0BE;
			remoteInfo = TimerityData;
		};
/* End PBXContainerItemProxy section */

/* Begin PBXCopyFilesBuildPhase section */
		4D0A16561A33E06A001BF0BE /* Embed App Extensions */ = {
			isa = PBXCopyFilesBuildPhase;
			buildActionMask = 2147483647;
			dstPath = "";
			dstSubfolderSpec = 13;
			files = (
				4D0A164F1A33E06A001BF0BE /* Timerity WatchKit Extension.appex in Embed App Extensions */,
			);
			name = "Embed App Extensions";
			runOnlyForDeploymentPostprocessing = 0;
		};
/* End PBXCopyFilesBuildPhase section */

/* Begin PBXFileReference section */
		4D0A16071A33E051001BF0BE /* Timerity.app */ = {isa = PBXFileReference; explicitFileType = wrapper.application; includeInIndex = 0; path = Timerity.app; sourceTree = BUILT_PRODUCTS_DIR; };
		4D0A160B1A33E051001BF0BE /* Info.plist */ = {isa = PBXFileReference; lastKnownFileType = text.plist.xml; path = Info.plist; sourceTree = "<group>"; };
		4D0A160C1A33E051001BF0BE /* AppDelegate.swift */ = {isa = PBXFileReference; lastKnownFileType = sourcecode.swift; path = AppDelegate.swift; sourceTree = "<group>"; };
		4D0A160E1A33E051001BF0BE /* ViewController.swift */ = {isa = PBXFileReference; lastKnownFileType = sourcecode.swift; path = ViewController.swift; sourceTree = "<group>"; };
		4D0A16111A33E051001BF0BE /* Base */ = {isa = PBXFileReference; lastKnownFileType = file.storyboard; name = Base; path = Base.lproj/Main.storyboard; sourceTree = "<group>"; };
		4D0A16131A33E051001BF0BE /* Images.xcassets */ = {isa = PBXFileReference; lastKnownFileType = folder.assetcatalog; path = Images.xcassets; sourceTree = "<group>"; };
		4D0A16161A33E051001BF0BE /* Base */ = {isa = PBXFileReference; lastKnownFileType = file.xib; name = Base; path = Base.lproj/LaunchScreen.xib; sourceTree = "<group>"; };
		4D0A161C1A33E051001BF0BE /* TimerityTests.xctest */ = {isa = PBXFileReference; explicitFileType = wrapper.cfbundle; includeInIndex = 0; path = TimerityTests.xctest; sourceTree = BUILT_PRODUCTS_DIR; };
		4D0A16211A33E051001BF0BE /* Info.plist */ = {isa = PBXFileReference; lastKnownFileType = text.plist.xml; path = Info.plist; sourceTree = "<group>"; };
		4D0A16221A33E051001BF0BE /* TimerityTests.swift */ = {isa = PBXFileReference; lastKnownFileType = sourcecode.swift; path = TimerityTests.swift; sourceTree = "<group>"; };
		4D0A16301A33E06A001BF0BE /* Timerity WatchKit Extension.appex */ = {isa = PBXFileReference; explicitFileType = "wrapper.app-extension"; includeInIndex = 0; path = "Timerity WatchKit Extension.appex"; sourceTree = BUILT_PRODUCTS_DIR; };
		4D0A16321A33E06A001BF0BE /* WatchKit.framework */ = {isa = PBXFileReference; lastKnownFileType = wrapper.framework; name = WatchKit.framework; path = System/Library/Frameworks/WatchKit.framework; sourceTree = SDKROOT; };
		4D0A16361A33E06A001BF0BE /* Info.plist */ = {isa = PBXFileReference; lastKnownFileType = text.plist.xml; path = Info.plist; sourceTree = "<group>"; };
		4D0A16371A33E06A001BF0BE /* PushNotificationPayload.json */ = {isa = PBXFileReference; lastKnownFileType = text.json; path = PushNotificationPayload.json; sourceTree = "<group>"; };
		4D0A16381A33E06A001BF0BE /* InterfaceController.swift */ = {isa = PBXFileReference; lastKnownFileType = sourcecode.swift; path = InterfaceController.swift; sourceTree = "<group>"; };
		4D0A163A1A33E06A001BF0BE /* NotificationController.swift */ = {isa = PBXFileReference; lastKnownFileType = sourcecode.swift; path = NotificationController.swift; sourceTree = "<group>"; };
		4D0A163C1A33E06A001BF0BE /* GlanceController.swift */ = {isa = PBXFileReference; lastKnownFileType = sourcecode.swift; path = GlanceController.swift; sourceTree = "<group>"; };
		4D0A163E1A33E06A001BF0BE /* Images.xcassets */ = {isa = PBXFileReference; lastKnownFileType = folder.assetcatalog; path = Images.xcassets; sourceTree = "<group>"; };
		4D0A16421A33E06A001BF0BE /* Timerity Watch App.app */ = {isa = PBXFileReference; explicitFileType = wrapper.application; includeInIndex = 0; path = "Timerity Watch App.app"; sourceTree = BUILT_PRODUCTS_DIR; };
		4D0A16481A33E06A001BF0BE /* Info.plist */ = {isa = PBXFileReference; lastKnownFileType = text.plist.xml; path = Info.plist; sourceTree = "<group>"; };
		4D0A16491A33E06A001BF0BE /* Interface.storyboard */ = {isa = PBXFileReference; lastKnownFileType = file.storyboard; path = Interface.storyboard; sourceTree = "<group>"; };
		4D0A164B1A33E06A001BF0BE /* Images.xcassets */ = {isa = PBXFileReference; lastKnownFileType = folder.assetcatalog; path = Images.xcassets; sourceTree = "<group>"; };
		4D0A165C1A353216001BF0BE /* TimerityData.framework */ = {isa = PBXFileReference; explicitFileType = wrapper.framework; includeInIndex = 0; path = TimerityData.framework; sourceTree = BUILT_PRODUCTS_DIR; };
		4D0A165F1A353216001BF0BE /* Info.plist */ = {isa = PBXFileReference; lastKnownFileType = text.plist.xml; path = Info.plist; sourceTree = "<group>"; };
		4D0A16601A353216001BF0BE /* TimerityData.h */ = {isa = PBXFileReference; lastKnownFileType = sourcecode.c.h; path = TimerityData.h; sourceTree = "<group>"; };
		4D0A16661A353216001BF0BE /* TimerityDataTests.xctest */ = {isa = PBXFileReference; explicitFileType = wrapper.cfbundle; includeInIndex = 0; path = TimerityDataTests.xctest; sourceTree = BUILT_PRODUCTS_DIR; };
		4D0A166C1A353216001BF0BE /* Info.plist */ = {isa = PBXFileReference; lastKnownFileType = text.plist.xml; path = Info.plist; sourceTree = "<group>"; };
		4D0A166D1A353216001BF0BE /* TimerityDataTests.swift */ = {isa = PBXFileReference; lastKnownFileType = sourcecode.swift; path = TimerityDataTests.swift; sourceTree = "<group>"; };
		4D0A16751A35328F001BF0BE /* Timer.swift */ = {isa = PBXFileReference; fileEncoding = 4; lastKnownFileType = sourcecode.swift; path = Timer.swift; sourceTree = "<group>"; };
		4D0F81881A54D2E40000CDC2 /* Set.swift */ = {isa = PBXFileReference; fileEncoding = 4; lastKnownFileType = sourcecode.swift; path = Set.swift; sourceTree = "<group>"; };
		4D0F818A1A54E73A0000CDC2 /* TimerEditingInterfaceController.swift */ = {isa = PBXFileReference; fileEncoding = 4; lastKnownFileType = sourcecode.swift; path = TimerEditingInterfaceController.swift; sourceTree = "<group>"; };
		4D0F818C1A5633DE0000CDC2 /* TimerData.swift */ = {isa = PBXFileReference; fileEncoding = 4; lastKnownFileType = sourcecode.swift; path = TimerData.swift; sourceTree = "<group>"; };
		4D1D5FDD1A3C08D30060598C /* TimerTableRowController.swift */ = {isa = PBXFileReference; fileEncoding = 4; lastKnownFileType = sourcecode.swift; path = TimerTableRowController.swift; sourceTree = "<group>"; };
		4D1D5FDF1A3C09070060598C /* ActionTableRowController.swift */ = {isa = PBXFileReference; fileEncoding = 4; lastKnownFileType = sourcecode.swift; path = ActionTableRowController.swift; sourceTree = "<group>"; };
		4D20F8AD1A4A213E00754D4C /* TimerDatabaseWrapper.swift */ = {isa = PBXFileReference; fileEncoding = 4; lastKnownFileType = sourcecode.swift; path = TimerDatabaseWrapper.swift; sourceTree = "<group>"; };
		4D20F8AF1A4A554900754D4C /* LabelRowController.swift */ = {isa = PBXFileReference; fileEncoding = 4; lastKnownFileType = sourcecode.swift; path = LabelRowController.swift; sourceTree = "<group>"; };
		4D2ED75E1A563C3A003F163E /* TimerError.swift */ = {isa = PBXFileReference; fileEncoding = 4; lastKnownFileType = sourcecode.swift; path = TimerError.swift; sourceTree = "<group>"; };
		4D73888D1A5A0F52004A907B /* TimerJSON.swift */ = {isa = PBXFileReference; fileEncoding = 4; lastKnownFileType = sourcecode.swift; path = TimerJSON.swift; sourceTree = "<group>"; };
		4DB48B941A5216580031DECD /* SingleTimerInterfaceController.swift */ = {isa = PBXFileReference; fileEncoding = 4; lastKnownFileType = sourcecode.swift; path = SingleTimerInterfaceController.swift; sourceTree = "<group>"; };
		4DB48B961A5232A20031DECD /* SingleTimerController.swift */ = {isa = PBXFileReference; fileEncoding = 4; lastKnownFileType = sourcecode.swift; path = SingleTimerController.swift; sourceTree = "<group>"; };
		4DB48B981A5337100031DECD /* TimerCommand.swift */ = {isa = PBXFileReference; fileEncoding = 4; lastKnownFileType = sourcecode.swift; path = TimerCommand.swift; sourceTree = "<group>"; };
		4DB54EC31A59C95B0005186A /* Timerity WatchKit Extension.entitlements */ = {isa = PBXFileReference; lastKnownFileType = text.xml; path = "Timerity WatchKit Extension.entitlements"; sourceTree = "<group>"; };
		4DB54EC41A59C9700005186A /* Timerity.entitlements */ = {isa = PBXFileReference; lastKnownFileType = text.xml; path = Timerity.entitlements; sourceTree = "<group>"; };
		4DB54EC51A5A01940005186A /* NSTimerExtensions.swift */ = {isa = PBXFileReference; fileEncoding = 4; lastKnownFileType = sourcecode.swift; path = NSTimerExtensions.swift; sourceTree = "<group>"; };
/* End PBXFileReference section */

/* Begin PBXFrameworksBuildPhase section */
		4D0A16041A33E051001BF0BE /* Frameworks */ = {
			isa = PBXFrameworksBuildPhase;
			buildActionMask = 2147483647;
			files = (
			);
			runOnlyForDeploymentPostprocessing = 0;
		};
		4D0A16191A33E051001BF0BE /* Frameworks */ = {
			isa = PBXFrameworksBuildPhase;
			buildActionMask = 2147483647;
			files = (
			);
			runOnlyForDeploymentPostprocessing = 0;
		};
		4D0A162D1A33E06A001BF0BE /* Frameworks */ = {
			isa = PBXFrameworksBuildPhase;
			buildActionMask = 2147483647;
			files = (
				4D013BE21A3EA61200228BBF /* TimerityData.framework in Frameworks */,
				4D0A16331A33E06A001BF0BE /* WatchKit.framework in Frameworks */,
			);
			runOnlyForDeploymentPostprocessing = 0;
		};
		4D0A16581A353216001BF0BE /* Frameworks */ = {
			isa = PBXFrameworksBuildPhase;
			buildActionMask = 2147483647;
			files = (
			);
			runOnlyForDeploymentPostprocessing = 0;
		};
		4D0A16631A353216001BF0BE /* Frameworks */ = {
			isa = PBXFrameworksBuildPhase;
			buildActionMask = 2147483647;
			files = (
				4D0A16671A353216001BF0BE /* TimerityData.framework in Frameworks */,
			);
			runOnlyForDeploymentPostprocessing = 0;
		};
/* End PBXFrameworksBuildPhase section */

/* Begin PBXGroup section */
		4D0A15FE1A33E051001BF0BE = {
			isa = PBXGroup;
			children = (
				4D0A16091A33E051001BF0BE /* Timerity */,
				4D0A161F1A33E051001BF0BE /* TimerityTests */,
				4D0A16341A33E06A001BF0BE /* Timerity WatchKit Extension */,
				4D0A16461A33E06A001BF0BE /* Timerity Watch App */,
				4D0A165D1A353216001BF0BE /* TimerityData */,
				4D0A166A1A353216001BF0BE /* TimerityDataTests */,
				4D0A16311A33E06A001BF0BE /* Frameworks */,
				4D0A16081A33E051001BF0BE /* Products */,
			);
			sourceTree = "<group>";
		};
		4D0A16081A33E051001BF0BE /* Products */ = {
			isa = PBXGroup;
			children = (
				4D0A16071A33E051001BF0BE /* Timerity.app */,
				4D0A161C1A33E051001BF0BE /* TimerityTests.xctest */,
				4D0A16301A33E06A001BF0BE /* Timerity WatchKit Extension.appex */,
				4D0A16421A33E06A001BF0BE /* Timerity Watch App.app */,
				4D0A165C1A353216001BF0BE /* TimerityData.framework */,
				4D0A16661A353216001BF0BE /* TimerityDataTests.xctest */,
			);
			name = Products;
			sourceTree = "<group>";
		};
		4D0A16091A33E051001BF0BE /* Timerity */ = {
			isa = PBXGroup;
			children = (
				4DB54EC41A59C9700005186A /* Timerity.entitlements */,
				4D0A160C1A33E051001BF0BE /* AppDelegate.swift */,
				4D0A160E1A33E051001BF0BE /* ViewController.swift */,
				4D0A16101A33E051001BF0BE /* Main.storyboard */,
				4D0A16131A33E051001BF0BE /* Images.xcassets */,
				4D0A16151A33E051001BF0BE /* LaunchScreen.xib */,
				4D0A160A1A33E051001BF0BE /* Supporting Files */,
			);
			path = Timerity;
			sourceTree = "<group>";
		};
		4D0A160A1A33E051001BF0BE /* Supporting Files */ = {
			isa = PBXGroup;
			children = (
				4D0A160B1A33E051001BF0BE /* Info.plist */,
			);
			name = "Supporting Files";
			sourceTree = "<group>";
		};
		4D0A161F1A33E051001BF0BE /* TimerityTests */ = {
			isa = PBXGroup;
			children = (
				4D0A16221A33E051001BF0BE /* TimerityTests.swift */,
				4D0A16201A33E051001BF0BE /* Supporting Files */,
			);
			path = TimerityTests;
			sourceTree = "<group>";
		};
		4D0A16201A33E051001BF0BE /* Supporting Files */ = {
			isa = PBXGroup;
			children = (
				4D0A16211A33E051001BF0BE /* Info.plist */,
			);
			name = "Supporting Files";
			sourceTree = "<group>";
		};
		4D0A16311A33E06A001BF0BE /* Frameworks */ = {
			isa = PBXGroup;
			children = (
				4D0A16321A33E06A001BF0BE /* WatchKit.framework */,
			);
			name = Frameworks;
			sourceTree = "<group>";
		};
		4D0A16341A33E06A001BF0BE /* Timerity WatchKit Extension */ = {
			isa = PBXGroup;
			children = (
				4DB54EC31A59C95B0005186A /* Timerity WatchKit Extension.entitlements */,
				4D1D5FDF1A3C09070060598C /* ActionTableRowController.swift */,
				4D0A163C1A33E06A001BF0BE /* GlanceController.swift */,
				4D0A163E1A33E06A001BF0BE /* Images.xcassets */,
				4D0A16381A33E06A001BF0BE /* InterfaceController.swift */,
				4D20F8AF1A4A554900754D4C /* LabelRowController.swift */,
				4D0A163A1A33E06A001BF0BE /* NotificationController.swift */,
				4DB48B961A5232A20031DECD /* SingleTimerController.swift */,
				4DB48B941A5216580031DECD /* SingleTimerInterfaceController.swift */,
				4D0A16351A33E06A001BF0BE /* Supporting Files */,
				4D20F8AD1A4A213E00754D4C /* TimerDatabaseWrapper.swift */,
				4D0F818A1A54E73A0000CDC2 /* TimerEditingInterfaceController.swift */,
				4D1D5FDD1A3C08D30060598C /* TimerTableRowController.swift */,
			);
			path = "Timerity WatchKit Extension";
			sourceTree = "<group>";
		};
		4D0A16351A33E06A001BF0BE /* Supporting Files */ = {
			isa = PBXGroup;
			children = (
				4D0A16361A33E06A001BF0BE /* Info.plist */,
				4D0A16371A33E06A001BF0BE /* PushNotificationPayload.json */,
			);
			name = "Supporting Files";
			sourceTree = "<group>";
		};
		4D0A16461A33E06A001BF0BE /* Timerity Watch App */ = {
			isa = PBXGroup;
			children = (
				4D0A16491A33E06A001BF0BE /* Interface.storyboard */,
				4D0A164B1A33E06A001BF0BE /* Images.xcassets */,
				4D0A16471A33E06A001BF0BE /* Supporting Files */,
			);
			path = "Timerity Watch App";
			sourceTree = "<group>";
		};
		4D0A16471A33E06A001BF0BE /* Supporting Files */ = {
			isa = PBXGroup;
			children = (
				4D0A16481A33E06A001BF0BE /* Info.plist */,
			);
			name = "Supporting Files";
			sourceTree = "<group>";
		};
		4D0A165D1A353216001BF0BE /* TimerityData */ = {
			isa = PBXGroup;
			children = (
				4DB54EC51A5A01940005186A /* NSTimerExtensions.swift */,
				4D0F81881A54D2E40000CDC2 /* Set.swift */,
				4D0A165E1A353216001BF0BE /* Supporting Files */,
				4DB48B981A5337100031DECD /* TimerCommand.swift */,
				4D0F818C1A5633DE0000CDC2 /* TimerData.swift */,
				4D2ED75E1A563C3A003F163E /* TimerError.swift */,
				4D0A16751A35328F001BF0BE /* Timer.swift */,
				4D0A16601A353216001BF0BE /* TimerityData.h */,
				4D73888D1A5A0F52004A907B /* TimerJSON.swift */,
			);
			path = TimerityData;
			sourceTree = "<group>";
		};
		4D0A165E1A353216001BF0BE /* Supporting Files */ = {
			isa = PBXGroup;
			children = (
				4D0A165F1A353216001BF0BE /* Info.plist */,
			);
			name = "Supporting Files";
			sourceTree = "<group>";
		};
		4D0A166A1A353216001BF0BE /* TimerityDataTests */ = {
			isa = PBXGroup;
			children = (
				4D0A166D1A353216001BF0BE /* TimerityDataTests.swift */,
				4D0A166B1A353216001BF0BE /* Supporting Files */,
			);
			path = TimerityDataTests;
			sourceTree = "<group>";
		};
		4D0A166B1A353216001BF0BE /* Supporting Files */ = {
			isa = PBXGroup;
			children = (
				4D0A166C1A353216001BF0BE /* Info.plist */,
			);
			name = "Supporting Files";
			sourceTree = "<group>";
		};
/* End PBXGroup section */

/* Begin PBXHeadersBuildPhase section */
		4D0A16591A353216001BF0BE /* Headers */ = {
			isa = PBXHeadersBuildPhase;
			buildActionMask = 2147483647;
			files = (
				4D0A16611A353216001BF0BE /* TimerityData.h in Headers */,
			);
			runOnlyForDeploymentPostprocessing = 0;
		};
/* End PBXHeadersBuildPhase section */

/* Begin PBXNativeTarget section */
		4D0A16061A33E051001BF0BE /* Timerity */ = {
			isa = PBXNativeTarget;
			buildConfigurationList = 4D0A16261A33E051001BF0BE /* Build configuration list for PBXNativeTarget "Timerity" */;
			buildPhases = (
				4D0A16031A33E051001BF0BE /* Sources */,
				4D0A16041A33E051001BF0BE /* Frameworks */,
				4D0A16051A33E051001BF0BE /* Resources */,
				4D0A16561A33E06A001BF0BE /* Embed App Extensions */,
			);
			buildRules = (
			);
			dependencies = (
				4D0A164E1A33E06A001BF0BE /* PBXTargetDependency */,
			);
			name = Timerity;
			productName = Timerity;
			productReference = 4D0A16071A33E051001BF0BE /* Timerity.app */;
			productType = "com.apple.product-type.application";
		};
		4D0A161B1A33E051001BF0BE /* TimerityTests */ = {
			isa = PBXNativeTarget;
			buildConfigurationList = 4D0A16291A33E051001BF0BE /* Build configuration list for PBXNativeTarget "TimerityTests" */;
			buildPhases = (
				4D0A16181A33E051001BF0BE /* Sources */,
				4D0A16191A33E051001BF0BE /* Frameworks */,
				4D0A161A1A33E051001BF0BE /* Resources */,
			);
			buildRules = (
			);
			dependencies = (
				4D0A161E1A33E051001BF0BE /* PBXTargetDependency */,
			);
			name = TimerityTests;
			productName = TimerityTests;
			productReference = 4D0A161C1A33E051001BF0BE /* TimerityTests.xctest */;
			productType = "com.apple.product-type.bundle.unit-test";
		};
		4D0A162F1A33E06A001BF0BE /* Timerity WatchKit Extension */ = {
			isa = PBXNativeTarget;
			buildConfigurationList = 4D0A16531A33E06A001BF0BE /* Build configuration list for PBXNativeTarget "Timerity WatchKit Extension" */;
			buildPhases = (
				4D0A162C1A33E06A001BF0BE /* Sources */,
				4D0A162D1A33E06A001BF0BE /* Frameworks */,
				4D0A162E1A33E06A001BF0BE /* Resources */,
			);
			buildRules = (
			);
			dependencies = (
				4D013BE41A3EA62000228BBF /* PBXTargetDependency */,
				4D0A16451A33E06A001BF0BE /* PBXTargetDependency */,
			);
			name = "Timerity WatchKit Extension";
			productName = "Timerity WatchKit Extension";
			productReference = 4D0A16301A33E06A001BF0BE /* Timerity WatchKit Extension.appex */;
			productType = "com.apple.product-type.watchkit-extension";
		};
		4D0A16411A33E06A001BF0BE /* Timerity Watch App */ = {
			isa = PBXNativeTarget;
			buildConfigurationList = 4D0A16501A33E06A001BF0BE /* Build configuration list for PBXNativeTarget "Timerity Watch App" */;
			buildPhases = (
				4D0A16401A33E06A001BF0BE /* Resources */,
			);
			buildRules = (
			);
			dependencies = (
			);
			name = "Timerity Watch App";
			productName = "Timerity Watch App";
			productReference = 4D0A16421A33E06A001BF0BE /* Timerity Watch App.app */;
			productType = "com.apple.product-type.application.watchapp";
		};
		4D0A165B1A353216001BF0BE /* TimerityData */ = {
			isa = PBXNativeTarget;
			buildConfigurationList = 4D0A16731A353216001BF0BE /* Build configuration list for PBXNativeTarget "TimerityData" */;
			buildPhases = (
				4D0A16571A353216001BF0BE /* Sources */,
				4D0A16581A353216001BF0BE /* Frameworks */,
				4D0A16591A353216001BF0BE /* Headers */,
				4D0A165A1A353216001BF0BE /* Resources */,
			);
			buildRules = (
			);
			dependencies = (
			);
			name = TimerityData;
			productName = TimerityData;
			productReference = 4D0A165C1A353216001BF0BE /* TimerityData.framework */;
			productType = "com.apple.product-type.framework";
		};
		4D0A16651A353216001BF0BE /* TimerityDataTests */ = {
			isa = PBXNativeTarget;
			buildConfigurationList = 4D0A16741A353216001BF0BE /* Build configuration list for PBXNativeTarget "TimerityDataTests" */;
			buildPhases = (
				4D0A16621A353216001BF0BE /* Sources */,
				4D0A16631A353216001BF0BE /* Frameworks */,
				4D0A16641A353216001BF0BE /* Resources */,
			);
			buildRules = (
			);
			dependencies = (
				4D0A16691A353216001BF0BE /* PBXTargetDependency */,
			);
			name = TimerityDataTests;
			productName = TimerityDataTests;
			productReference = 4D0A16661A353216001BF0BE /* TimerityDataTests.xctest */;
			productType = "com.apple.product-type.bundle.unit-test";
		};
/* End PBXNativeTarget section */

/* Begin PBXProject section */
		4D0A15FF1A33E051001BF0BE /* Project object */ = {
			isa = PBXProject;
			attributes = {
				LastUpgradeCheck = 0620;
				ORGANIZATIONNAME = curtclifton.net;
				TargetAttributes = {
					4D0A16061A33E051001BF0BE = {
						CreatedOnToolsVersion = 6.2;
						DevelopmentTeam = H7G98VUF4H;
						SystemCapabilities = {
							com.apple.ApplicationGroups.iOS = {
								enabled = 1;
							};
						};
					};
					4D0A161B1A33E051001BF0BE = {
						CreatedOnToolsVersion = 6.2;
						TestTargetID = 4D0A16061A33E051001BF0BE;
					};
					4D0A162F1A33E06A001BF0BE = {
						CreatedOnToolsVersion = 6.2;
						DevelopmentTeam = H7G98VUF4H;
						SystemCapabilities = {
							com.apple.ApplicationGroups.iOS = {
								enabled = 1;
							};
						};
					};
					4D0A16411A33E06A001BF0BE = {
						CreatedOnToolsVersion = 6.2;
					};
					4D0A165B1A353216001BF0BE = {
						CreatedOnToolsVersion = 6.2;
					};
					4D0A16651A353216001BF0BE = {
						CreatedOnToolsVersion = 6.2;
					};
				};
			};
			buildConfigurationList = 4D0A16021A33E051001BF0BE /* Build configuration list for PBXProject "Timerity" */;
			compatibilityVersion = "Xcode 3.2";
			developmentRegion = English;
			hasScannedForEncodings = 0;
			knownRegions = (
				en,
				Base,
			);
			mainGroup = 4D0A15FE1A33E051001BF0BE;
			productRefGroup = 4D0A16081A33E051001BF0BE /* Products */;
			projectDirPath = "";
			projectRoot = "";
			targets = (
				4D0A16061A33E051001BF0BE /* Timerity */,
				4D0A161B1A33E051001BF0BE /* TimerityTests */,
				4D0A162F1A33E06A001BF0BE /* Timerity WatchKit Extension */,
				4D0A16411A33E06A001BF0BE /* Timerity Watch App */,
				4D0A165B1A353216001BF0BE /* TimerityData */,
				4D0A16651A353216001BF0BE /* TimerityDataTests */,
			);
		};
/* End PBXProject section */

/* Begin PBXResourcesBuildPhase section */
		4D0A16051A33E051001BF0BE /* Resources */ = {
			isa = PBXResourcesBuildPhase;
			buildActionMask = 2147483647;
			files = (
				4D0A16121A33E051001BF0BE /* Main.storyboard in Resources */,
				4D0A16171A33E051001BF0BE /* LaunchScreen.xib in Resources */,
				4D0A16141A33E051001BF0BE /* Images.xcassets in Resources */,
			);
			runOnlyForDeploymentPostprocessing = 0;
		};
		4D0A161A1A33E051001BF0BE /* Resources */ = {
			isa = PBXResourcesBuildPhase;
			buildActionMask = 2147483647;
			files = (
			);
			runOnlyForDeploymentPostprocessing = 0;
		};
		4D0A162E1A33E06A001BF0BE /* Resources */ = {
			isa = PBXResourcesBuildPhase;
			buildActionMask = 2147483647;
			files = (
				4D0A16431A33E06A001BF0BE /* Timerity Watch App.app in Resources */,
				4D0A163F1A33E06A001BF0BE /* Images.xcassets in Resources */,
			);
			runOnlyForDeploymentPostprocessing = 0;
		};
		4D0A16401A33E06A001BF0BE /* Resources */ = {
			isa = PBXResourcesBuildPhase;
			buildActionMask = 2147483647;
			files = (
				4D0A164A1A33E06A001BF0BE /* Interface.storyboard in Resources */,
				4D0A164C1A33E06A001BF0BE /* Images.xcassets in Resources */,
			);
			runOnlyForDeploymentPostprocessing = 0;
		};
		4D0A165A1A353216001BF0BE /* Resources */ = {
			isa = PBXResourcesBuildPhase;
			buildActionMask = 2147483647;
			files = (
			);
			runOnlyForDeploymentPostprocessing = 0;
		};
		4D0A16641A353216001BF0BE /* Resources */ = {
			isa = PBXResourcesBuildPhase;
			buildActionMask = 2147483647;
			files = (
			);
			runOnlyForDeploymentPostprocessing = 0;
		};
/* End PBXResourcesBuildPhase section */

/* Begin PBXSourcesBuildPhase section */
		4D0A16031A33E051001BF0BE /* Sources */ = {
			isa = PBXSourcesBuildPhase;
			buildActionMask = 2147483647;
			files = (
				4D0A160F1A33E051001BF0BE /* ViewController.swift in Sources */,
				4D0A160D1A33E051001BF0BE /* AppDelegate.swift in Sources */,
			);
			runOnlyForDeploymentPostprocessing = 0;
		};
		4D0A16181A33E051001BF0BE /* Sources */ = {
			isa = PBXSourcesBuildPhase;
			buildActionMask = 2147483647;
			files = (
				4D0A16231A33E051001BF0BE /* TimerityTests.swift in Sources */,
			);
			runOnlyForDeploymentPostprocessing = 0;
		};
		4D0A162C1A33E06A001BF0BE /* Sources */ = {
			isa = PBXSourcesBuildPhase;
			buildActionMask = 2147483647;
			files = (
				4D0F818B1A54E73A0000CDC2 /* TimerEditingInterfaceController.swift in Sources */,
				4D20F8B01A4A554900754D4C /* LabelRowController.swift in Sources */,
				4D0A163B1A33E06A001BF0BE /* NotificationController.swift in Sources */,
				4D1D5FDE1A3C08D30060598C /* TimerTableRowController.swift in Sources */,
				4D20F8AE1A4A213E00754D4C /* TimerDatabaseWrapper.swift in Sources */,
				4D0A16391A33E06A001BF0BE /* InterfaceController.swift in Sources */,
				4D0A163D1A33E06A001BF0BE /* GlanceController.swift in Sources */,
				4D1D5FE01A3C09070060598C /* ActionTableRowController.swift in Sources */,
				4DB48B971A5232A20031DECD /* SingleTimerController.swift in Sources */,
				4DB48B951A5216580031DECD /* SingleTimerInterfaceController.swift in Sources */,
			);
			runOnlyForDeploymentPostprocessing = 0;
		};
		4D0A16571A353216001BF0BE /* Sources */ = {
			isa = PBXSourcesBuildPhase;
			buildActionMask = 2147483647;
			files = (
				4DB54EC61A5A01940005186A /* NSTimerExtensions.swift in Sources */,
				4D0A16761A35328F001BF0BE /* Timer.swift in Sources */,
				4D73888E1A5A0F52004A907B /* TimerJSON.swift in Sources */,
				4D0F818D1A5633DE0000CDC2 /* TimerData.swift in Sources */,
				4DB48B991A5337100031DECD /* TimerCommand.swift in Sources */,
				4D0F81891A54D2E40000CDC2 /* Set.swift in Sources */,
				4D2ED75F1A563C3A003F163E /* TimerError.swift in Sources */,
			);
			runOnlyForDeploymentPostprocessing = 0;
		};
		4D0A16621A353216001BF0BE /* Sources */ = {
			isa = PBXSourcesBuildPhase;
			buildActionMask = 2147483647;
			files = (
				4D0A166E1A353216001BF0BE /* TimerityDataTests.swift in Sources */,
			);
			runOnlyForDeploymentPostprocessing = 0;
		};
/* End PBXSourcesBuildPhase section */

/* Begin PBXTargetDependency section */
		4D013BE41A3EA62000228BBF /* PBXTargetDependency */ = {
			isa = PBXTargetDependency;
			target = 4D0A165B1A353216001BF0BE /* TimerityData */;
			targetProxy = 4D013BE31A3EA62000228BBF /* PBXContainerItemProxy */;
		};
		4D0A161E1A33E051001BF0BE /* PBXTargetDependency */ = {
			isa = PBXTargetDependency;
			target = 4D0A16061A33E051001BF0BE /* Timerity */;
			targetProxy = 4D0A161D1A33E051001BF0BE /* PBXContainerItemProxy */;
		};
		4D0A16451A33E06A001BF0BE /* PBXTargetDependency */ = {
			isa = PBXTargetDependency;
			target = 4D0A16411A33E06A001BF0BE /* Timerity Watch App */;
			targetProxy = 4D0A16441A33E06A001BF0BE /* PBXContainerItemProxy */;
		};
		4D0A164E1A33E06A001BF0BE /* PBXTargetDependency */ = {
			isa = PBXTargetDependency;
			target = 4D0A162F1A33E06A001BF0BE /* Timerity WatchKit Extension */;
			targetProxy = 4D0A164D1A33E06A001BF0BE /* PBXContainerItemProxy */;
		};
		4D0A16691A353216001BF0BE /* PBXTargetDependency */ = {
			isa = PBXTargetDependency;
			target = 4D0A165B1A353216001BF0BE /* TimerityData */;
			targetProxy = 4D0A16681A353216001BF0BE /* PBXContainerItemProxy */;
		};
/* End PBXTargetDependency section */

/* Begin PBXVariantGroup section */
		4D0A16101A33E051001BF0BE /* Main.storyboard */ = {
			isa = PBXVariantGroup;
			children = (
				4D0A16111A33E051001BF0BE /* Base */,
			);
			name = Main.storyboard;
			sourceTree = "<group>";
		};
		4D0A16151A33E051001BF0BE /* LaunchScreen.xib */ = {
			isa = PBXVariantGroup;
			children = (
				4D0A16161A33E051001BF0BE /* Base */,
			);
			name = LaunchScreen.xib;
			sourceTree = "<group>";
		};
/* End PBXVariantGroup section */

/* Begin XCBuildConfiguration section */
		4D0A16241A33E051001BF0BE /* Debug */ = {
			isa = XCBuildConfiguration;
			buildSettings = {
				ALWAYS_SEARCH_USER_PATHS = NO;
				CLANG_CXX_LANGUAGE_STANDARD = "gnu++0x";
				CLANG_CXX_LIBRARY = "libc++";
				CLANG_ENABLE_MODULES = YES;
				CLANG_ENABLE_OBJC_ARC = YES;
				CLANG_WARN_BOOL_CONVERSION = YES;
				CLANG_WARN_CONSTANT_CONVERSION = YES;
				CLANG_WARN_DIRECT_OBJC_ISA_USAGE = YES_ERROR;
				CLANG_WARN_EMPTY_BODY = YES;
				CLANG_WARN_ENUM_CONVERSION = YES;
				CLANG_WARN_INT_CONVERSION = YES;
				CLANG_WARN_OBJC_ROOT_CLASS = YES_ERROR;
				CLANG_WARN_UNREACHABLE_CODE = YES;
				CLANG_WARN__DUPLICATE_METHOD_MATCH = YES;
				"CODE_SIGN_IDENTITY[sdk=iphoneos*]" = "iPhone Developer";
				COPY_PHASE_STRIP = NO;
				ENABLE_STRICT_OBJC_MSGSEND = YES;
				GCC_C_LANGUAGE_STANDARD = gnu99;
				GCC_DYNAMIC_NO_PIC = NO;
				GCC_OPTIMIZATION_LEVEL = 0;
				GCC_PREPROCESSOR_DEFINITIONS = (
					"DEBUG=1",
					"$(inherited)",
				);
				GCC_SYMBOLS_PRIVATE_EXTERN = NO;
				GCC_WARN_64_TO_32_BIT_CONVERSION = YES;
				GCC_WARN_ABOUT_RETURN_TYPE = YES_ERROR;
				GCC_WARN_UNDECLARED_SELECTOR = YES;
				GCC_WARN_UNINITIALIZED_AUTOS = YES_AGGRESSIVE;
				GCC_WARN_UNUSED_FUNCTION = YES;
				GCC_WARN_UNUSED_VARIABLE = YES;
				IPHONEOS_DEPLOYMENT_TARGET = 8.2;
				MTL_ENABLE_DEBUG_INFO = YES;
				ONLY_ACTIVE_ARCH = YES;
				SDKROOT = iphoneos;
				SWIFT_OPTIMIZATION_LEVEL = "-Onone";
			};
			name = Debug;
		};
		4D0A16251A33E051001BF0BE /* Release */ = {
			isa = XCBuildConfiguration;
			buildSettings = {
				ALWAYS_SEARCH_USER_PATHS = NO;
				CLANG_CXX_LANGUAGE_STANDARD = "gnu++0x";
				CLANG_CXX_LIBRARY = "libc++";
				CLANG_ENABLE_MODULES = YES;
				CLANG_ENABLE_OBJC_ARC = YES;
				CLANG_WARN_BOOL_CONVERSION = YES;
				CLANG_WARN_CONSTANT_CONVERSION = YES;
				CLANG_WARN_DIRECT_OBJC_ISA_USAGE = YES_ERROR;
				CLANG_WARN_EMPTY_BODY = YES;
				CLANG_WARN_ENUM_CONVERSION = YES;
				CLANG_WARN_INT_CONVERSION = YES;
				CLANG_WARN_OBJC_ROOT_CLASS = YES_ERROR;
				CLANG_WARN_UNREACHABLE_CODE = YES;
				CLANG_WARN__DUPLICATE_METHOD_MATCH = YES;
				"CODE_SIGN_IDENTITY[sdk=iphoneos*]" = "iPhone Developer";
				COPY_PHASE_STRIP = YES;
				ENABLE_NS_ASSERTIONS = NO;
				ENABLE_STRICT_OBJC_MSGSEND = YES;
				GCC_C_LANGUAGE_STANDARD = gnu99;
				GCC_WARN_64_TO_32_BIT_CONVERSION = YES;
				GCC_WARN_ABOUT_RETURN_TYPE = YES_ERROR;
				GCC_WARN_UNDECLARED_SELECTOR = YES;
				GCC_WARN_UNINITIALIZED_AUTOS = YES_AGGRESSIVE;
				GCC_WARN_UNUSED_FUNCTION = YES;
				GCC_WARN_UNUSED_VARIABLE = YES;
				IPHONEOS_DEPLOYMENT_TARGET = 8.2;
				MTL_ENABLE_DEBUG_INFO = NO;
				SDKROOT = iphoneos;
				VALIDATE_PRODUCT = YES;
			};
			name = Release;
		};
		4D0A16271A33E051001BF0BE /* Debug */ = {
			isa = XCBuildConfiguration;
			buildSettings = {
				ASSETCATALOG_COMPILER_APPICON_NAME = AppIcon;
				CODE_SIGN_ENTITLEMENTS = Timerity/Timerity.entitlements;
				CODE_SIGN_IDENTITY = "iPhone Developer";
				"CODE_SIGN_IDENTITY[sdk=iphoneos*]" = "iPhone Developer";
				EMBEDDED_CONTENT_CONTAINS_SWIFT = YES;
				INFOPLIST_FILE = Timerity/Info.plist;
				LD_RUNPATH_SEARCH_PATHS = "$(inherited) @executable_path/Frameworks";
				PRODUCT_NAME = "$(TARGET_NAME)";
				PROVISIONING_PROFILE = "";
			};
			name = Debug;
		};
		4D0A16281A33E051001BF0BE /* Release */ = {
			isa = XCBuildConfiguration;
			buildSettings = {
				ASSETCATALOG_COMPILER_APPICON_NAME = AppIcon;
				CODE_SIGN_ENTITLEMENTS = Timerity/Timerity.entitlements;
				CODE_SIGN_IDENTITY = "iPhone Developer";
				"CODE_SIGN_IDENTITY[sdk=iphoneos*]" = "iPhone Developer";
				EMBEDDED_CONTENT_CONTAINS_SWIFT = YES;
				INFOPLIST_FILE = Timerity/Info.plist;
				LD_RUNPATH_SEARCH_PATHS = "$(inherited) @executable_path/Frameworks";
				PRODUCT_NAME = "$(TARGET_NAME)";
				PROVISIONING_PROFILE = "";
			};
			name = Release;
		};
		4D0A162A1A33E051001BF0BE /* Debug */ = {
			isa = XCBuildConfiguration;
			buildSettings = {
				BUNDLE_LOADER = "$(TEST_HOST)";
				FRAMEWORK_SEARCH_PATHS = (
					"$(SDKROOT)/Developer/Library/Frameworks",
					"$(inherited)",
				);
				GCC_PREPROCESSOR_DEFINITIONS = (
					"DEBUG=1",
					"$(inherited)",
				);
				INFOPLIST_FILE = TimerityTests/Info.plist;
				LD_RUNPATH_SEARCH_PATHS = "$(inherited) @executable_path/Frameworks @loader_path/Frameworks";
				PRODUCT_NAME = "$(TARGET_NAME)";
				TEST_HOST = "$(BUILT_PRODUCTS_DIR)/Timerity.app/Timerity";
			};
			name = Debug;
		};
		4D0A162B1A33E051001BF0BE /* Release */ = {
			isa = XCBuildConfiguration;
			buildSettings = {
				BUNDLE_LOADER = "$(TEST_HOST)";
				FRAMEWORK_SEARCH_PATHS = (
					"$(SDKROOT)/Developer/Library/Frameworks",
					"$(inherited)",
				);
				INFOPLIST_FILE = TimerityTests/Info.plist;
				LD_RUNPATH_SEARCH_PATHS = "$(inherited) @executable_path/Frameworks @loader_path/Frameworks";
				PRODUCT_NAME = "$(TARGET_NAME)";
				TEST_HOST = "$(BUILT_PRODUCTS_DIR)/Timerity.app/Timerity";
			};
			name = Release;
		};
		4D0A16511A33E06A001BF0BE /* Debug */ = {
			isa = XCBuildConfiguration;
			buildSettings = {
				ASSETCATALOG_COMPILER_APPICON_NAME = AppIcon;
				ASSETCATALOG_COMPILER_LAUNCHIMAGE_NAME = LaunchImage;
				GCC_PREPROCESSOR_DEFINITIONS = (
					"DEBUG=1",
					"$(inherited)",
				);
				IBSC_MODULE = Timerity_WatchKit_Extension;
				INFOPLIST_FILE = "Timerity Watch App/Info.plist";
				PRODUCT_NAME = "$(TARGET_NAME)";
				SKIP_INSTALL = YES;
				TARGETED_DEVICE_FAMILY = 4;
				"TARGETED_DEVICE_FAMILY[sdk=iphonesimulator*]" = "1,4";
			};
			name = Debug;
		};
		4D0A16521A33E06A001BF0BE /* Release */ = {
			isa = XCBuildConfiguration;
			buildSettings = {
				ASSETCATALOG_COMPILER_APPICON_NAME = AppIcon;
				ASSETCATALOG_COMPILER_LAUNCHIMAGE_NAME = LaunchImage;
				IBSC_MODULE = Timerity_WatchKit_Extension;
				INFOPLIST_FILE = "Timerity Watch App/Info.plist";
				PRODUCT_NAME = "$(TARGET_NAME)";
				SKIP_INSTALL = YES;
				TARGETED_DEVICE_FAMILY = 4;
				"TARGETED_DEVICE_FAMILY[sdk=iphonesimulator*]" = "1,4";
			};
			name = Release;
		};
		4D0A16541A33E06A001BF0BE /* Debug */ = {
			isa = XCBuildConfiguration;
			buildSettings = {
				CODE_SIGN_ENTITLEMENTS = "Timerity WatchKit Extension/Timerity WatchKit Extension.entitlements";
				CODE_SIGN_IDENTITY = "iPhone Developer";
				"CODE_SIGN_IDENTITY[sdk=iphoneos*]" = "iPhone Developer";
				GCC_PREPROCESSOR_DEFINITIONS = (
					"DEBUG=1",
					"$(inherited)",
				);
				INFOPLIST_FILE = "Timerity WatchKit Extension/Info.plist";
				LD_RUNPATH_SEARCH_PATHS = "$(inherited) @executable_path/Frameworks @executable_path/../../Frameworks";
				PRODUCT_NAME = "${TARGET_NAME}";
				PROVISIONING_PROFILE = "";
				SKIP_INSTALL = YES;
			};
			name = Debug;
		};
		4D0A16551A33E06A001BF0BE /* Release */ = {
			isa = XCBuildConfiguration;
			buildSettings = {
				CODE_SIGN_ENTITLEMENTS = "Timerity WatchKit Extension/Timerity WatchKit Extension.entitlements";
				CODE_SIGN_IDENTITY = "iPhone Developer";
				"CODE_SIGN_IDENTITY[sdk=iphoneos*]" = "iPhone Developer";
				INFOPLIST_FILE = "Timerity WatchKit Extension/Info.plist";
				LD_RUNPATH_SEARCH_PATHS = "$(inherited) @executable_path/Frameworks @executable_path/../../Frameworks";
				PRODUCT_NAME = "${TARGET_NAME}";
				PROVISIONING_PROFILE = "";
				SKIP_INSTALL = YES;
			};
			name = Release;
		};
		4D0A166F1A353216001BF0BE /* Debug */ = {
			isa = XCBuildConfiguration;
			buildSettings = {
				APPLICATION_EXTENSION_API_ONLY = YES;
				CLANG_ENABLE_MODULES = YES;
				CURRENT_PROJECT_VERSION = 1;
				DEFINES_MODULE = YES;
				DYLIB_COMPATIBILITY_VERSION = 1;
				DYLIB_CURRENT_VERSION = 1;
				DYLIB_INSTALL_NAME_BASE = "@rpath";
				GCC_PREPROCESSOR_DEFINITIONS = (
					"DEBUG=1",
					"$(inherited)",
				);
				INFOPLIST_FILE = TimerityData/Info.plist;
				INSTALL_PATH = "$(LOCAL_LIBRARY_DIR)/Frameworks";
				LD_RUNPATH_SEARCH_PATHS = "$(inherited) @executable_path/Frameworks @loader_path/Frameworks";
				PRODUCT_NAME = "$(TARGET_NAME)";
				SKIP_INSTALL = YES;
				SWIFT_OPTIMIZATION_LEVEL = "-Onone";
				TARGETED_DEVICE_FAMILY = "1,2";
				VERSIONING_SYSTEM = "apple-generic";
				VERSION_INFO_PREFIX = "";
			};
			name = Debug;
		};
		4D0A16701A353216001BF0BE /* Release */ = {
			isa = XCBuildConfiguration;
			buildSettings = {
				APPLICATION_EXTENSION_API_ONLY = YES;
				CLANG_ENABLE_MODULES = YES;
				CURRENT_PROJECT_VERSION = 1;
				DEFINES_MODULE = YES;
				DYLIB_COMPATIBILITY_VERSION = 1;
				DYLIB_CURRENT_VERSION = 1;
				DYLIB_INSTALL_NAME_BASE = "@rpath";
				INFOPLIST_FILE = TimerityData/Info.plist;
				INSTALL_PATH = "$(LOCAL_LIBRARY_DIR)/Frameworks";
				LD_RUNPATH_SEARCH_PATHS = "$(inherited) @executable_path/Frameworks @loader_path/Frameworks";
				PRODUCT_NAME = "$(TARGET_NAME)";
				SKIP_INSTALL = YES;
				TARGETED_DEVICE_FAMILY = "1,2";
				VERSIONING_SYSTEM = "apple-generic";
				VERSION_INFO_PREFIX = "";
			};
			name = Release;
		};
		4D0A16711A353216001BF0BE /* Debug */ = {
			isa = XCBuildConfiguration;
			buildSettings = {
				FRAMEWORK_SEARCH_PATHS = (
					"$(SDKROOT)/Developer/Library/Frameworks",
					"$(inherited)",
				);
				GCC_PREPROCESSOR_DEFINITIONS = (
					"DEBUG=1",
					"$(inherited)",
				);
				INFOPLIST_FILE = TimerityDataTests/Info.plist;
				LD_RUNPATH_SEARCH_PATHS = "$(inherited) @executable_path/Frameworks @loader_path/Frameworks";
				PRODUCT_NAME = "$(TARGET_NAME)";
			};
			name = Debug;
		};
		4D0A16721A353216001BF0BE /* Release */ = {
			isa = XCBuildConfiguration;
			buildSettings = {
				FRAMEWORK_SEARCH_PATHS = (
					"$(SDKROOT)/Developer/Library/Frameworks",
					"$(inherited)",
				);
				INFOPLIST_FILE = TimerityDataTests/Info.plist;
				LD_RUNPATH_SEARCH_PATHS = "$(inherited) @executable_path/Frameworks @loader_path/Frameworks";
				PRODUCT_NAME = "$(TARGET_NAME)";
			};
			name = Release;
		};
/* End XCBuildConfiguration section */

/* Begin XCConfigurationList section */
		4D0A16021A33E051001BF0BE /* Build configuration list for PBXProject "Timerity" */ = {
			isa = XCConfigurationList;
			buildConfigurations = (
				4D0A16241A33E051001BF0BE /* Debug */,
				4D0A16251A33E051001BF0BE /* Release */,
			);
			defaultConfigurationIsVisible = 0;
			defaultConfigurationName = Release;
		};
		4D0A16261A33E051001BF0BE /* Build configuration list for PBXNativeTarget "Timerity" */ = {
			isa = XCConfigurationList;
			buildConfigurations = (
				4D0A16271A33E051001BF0BE /* Debug */,
				4D0A16281A33E051001BF0BE /* Release */,
			);
			defaultConfigurationIsVisible = 0;
			defaultConfigurationName = Release;
		};
		4D0A16291A33E051001BF0BE /* Build configuration list for PBXNativeTarget "TimerityTests" */ = {
			isa = XCConfigurationList;
			buildConfigurations = (
				4D0A162A1A33E051001BF0BE /* Debug */,
				4D0A162B1A33E051001BF0BE /* Release */,
			);
			defaultConfigurationIsVisible = 0;
			defaultConfigurationName = Release;
		};
		4D0A16501A33E06A001BF0BE /* Build configuration list for PBXNativeTarget "Timerity Watch App" */ = {
			isa = XCConfigurationList;
			buildConfigurations = (
				4D0A16511A33E06A001BF0BE /* Debug */,
				4D0A16521A33E06A001BF0BE /* Release */,
			);
			defaultConfigurationIsVisible = 0;
			defaultConfigurationName = Release;
		};
		4D0A16531A33E06A001BF0BE /* Build configuration list for PBXNativeTarget "Timerity WatchKit Extension" */ = {
			isa = XCConfigurationList;
			buildConfigurations = (
				4D0A16541A33E06A001BF0BE /* Debug */,
				4D0A16551A33E06A001BF0BE /* Release */,
			);
			defaultConfigurationIsVisible = 0;
			defaultConfigurationName = Release;
		};
		4D0A16731A353216001BF0BE /* Build configuration list for PBXNativeTarget "TimerityData" */ = {
			isa = XCConfigurationList;
			buildConfigurations = (
				4D0A166F1A353216001BF0BE /* Debug */,
				4D0A16701A353216001BF0BE /* Release */,
			);
			defaultConfigurationIsVisible = 0;
			defaultConfigurationName = Release;
		};
		4D0A16741A353216001BF0BE /* Build configuration list for PBXNativeTarget "TimerityDataTests" */ = {
			isa = XCConfigurationList;
			buildConfigurations = (
				4D0A16711A353216001BF0BE /* Debug */,
				4D0A16721A353216001BF0BE /* Release */,
			);
			defaultConfigurationIsVisible = 0;
			defaultConfigurationName = Release;
		};
/* End XCConfigurationList section */
	};
	rootObject = 4D0A15FF1A33E051001BF0BE /* Project object */;
}
